
Microsoft Visual Studio Solution File, Format Version 12.00
Project("{FAE04EC0-301F-11D3-BF4B-00C04F79EFBC}") = "AsyncStreams", "AsyncStreams\AsyncStreams.csproj", "{6C1E0535-4F56-4140-93DC-9DF7F47CB82C}"
EndProject
Project("{FAE04EC0-301F-11D3-BF4B-00C04F79EFBC}") = "SwitchPatternMatch", "SwitchPatternMatch\SwitchPatternMatch.csproj", "{EE5319EB-177A-4854-B38F-BDC352C9401F}"
EndProject
Global
	GlobalSection(SolutionConfigurationPlatforms) = preSolution
		Debug|Any CPU = Debug|Any CPU
		Release|Any CPU = Release|Any CPU
	EndGlobalSection
	GlobalSection(ProjectConfigurationPlatforms) = postSolution
		{6C1E0535-4F56-4140-93DC-9DF7F47CB82C}.Debug|Any CPU.ActiveCfg = Debug|Any CPU
		{6C1E0535-4F56-4140-93DC-9DF7F47CB82C}.Debug|Any CPU.Build.0 = Debug|Any CPU
		{6C1E0535-4F56-4140-93DC-9DF7F47CB82C}.Release|Any CPU.ActiveCfg = Release|Any CPU
		{6C1E0535-4F56-4140-93DC-9DF7F47CB82C}.Release|Any CPU.Build.0 = Release|Any CPU
		{EE5319EB-177A-4854-B38F-BDC352C9401F}.Debug|Any CPU.ActiveCfg = Debug|Any CPU
		{EE5319EB-177A-4854-B38F-BDC352C9401F}.Debug|Any CPU.Build.0 = Debug|Any CPU
		{EE5319EB-177A-4854-B38F-BDC352C9401F}.Release|Any CPU.ActiveCfg = Release|Any CPU
		{EE5319EB-177A-4854-B38F-BDC352C9401F}.Release|Any CPU.Build.0 = Release|Any CPU
	EndGlobalSection
EndGlobal
